{
  "name": "legal-platform-mp",
  "version": "1.0.0",
  "lockfileVersion": 1,
  "requires": true,
  "dependencies": {
    "opencollective-postinstall": {
      "version": "2.0.3",
      "resolved": "https://registry.npmjs.org/opencollective-postinstall/-/opencollective-postinstall-2.0.3.tgz",
      "integrity": "sha512-8AV/sCtuzUeTo8gQK5qDZzARrulB3egtLzFgteqB2tcT4Mw7B8Kt7JcDHmltjz6FOAHsvTevk70gZEbhM4ZS9Q=="
    },
    "uview-ui": {
      "version": "1.8.1",
      "resolved": "https://registry.npm.taobao.org/uview-ui/download/uview-ui-1.8.1.tgz",
      "integrity": "sha1-HVeMmx2fVsTdtIXFgP4669pFTyQ="
    },
    "weixin-jsapi": {
      "version": "1.1.0",
      "resolved": "https://registry.npm.taobao.org/weixin-jsapi/download/weixin-jsapi-1.1.0.tgz",
      "integrity": "sha1-UalaIiTFnR2PAv3bxt5S2hazRLM="
    }
  }
}
